
Microsoft Visual Studio Solution File, Format Version 12.00
# Visual Studio 15
VisualStudioVersion = 15.0.28010.2048
MinimumVisualStudioVersion = 10.0.40219.1
Project("{FAE04EC0-301F-11D3-BF4B-00C04F79EFBC}") = "ConvertByteArrayIntoCompactUint49bit", "ConvertByteArrayIntoCompactUint49bit\ConvertByteArrayIntoCompactUint49bit.csproj", "{F5FFB628-C561-4E9D-8476-EF7B9E6050E4}"
EndProject
Global
	GlobalSection(SolutionConfigurationPlatforms) = preSolution
		Debug|Any CPU = Debug|Any CPU
		Release|Any CPU = Release|Any CPU
	EndGlobalSection
	GlobalSection(ProjectConfigurationPlatforms) = postSolution
		{F5FFB628-C561-4E9D-8476-EF7B9E6050E4}.Debug|Any CPU.ActiveCfg = Debug|Any CPU
		{F5FFB628-C561-4E9D-8476-EF7B9E6050E4}.Debug|Any CPU.Build.0 = Debug|Any CPU
		{F5FFB628-C561-4E9D-8476-EF7B9E6050E4}.Release|Any CPU.ActiveCfg = Release|Any CPU
		{F5FFB628-C561-4E9D-8476-EF7B9E6050E4}.Release|Any CPU.Build.0 = Release|Any CPU
	EndGlobalSection
	GlobalSection(SolutionProperties) = preSolution
		HideSolutionNode = FALSE
	EndGlobalSection
	GlobalSection(ExtensibilityGlobals) = postSolution
		SolutionGuid = {D0536436-3AA7-4333-8E6E-3A175D0B5144}
	EndGlobalSection
EndGlobal
